// !$*UTF8*$!
{
	archiveVersion = 1;
	classes = {
	};
	objectVersion = 50;
	objects = {

/* Begin PBXBuildFile section */
		001065EF20E60E6C002271ED /* AppDelegate.swift in Sources */ = {isa = PBXBuildFile; fileRef = 001065EE20E60E6C002271ED /* AppDelegate.swift */; };
		001065F120E60E6C002271ED /* ViewController.swift in Sources */ = {isa = PBXBuildFile; fileRef = 001065F020E60E6C002271ED /* ViewController.swift */; };
		001065F420E60E6C002271ED /* Main.storyboard in Resources */ = {isa = PBXBuildFile; fileRef = 001065F220E60E6C002271ED /* Main.storyboard */; };
		001065F620E60E6D002271ED /* Assets.xcassets in Resources */ = {isa = PBXBuildFile; fileRef = 001065F520E60E6D002271ED /* Assets.xcassets */; };
		001065F920E60E6D002271ED /* LaunchScreen.storyboard in Resources */ = {isa = PBXBuildFile; fileRef = 001065F720E60E6D002271ED /* LaunchScreen.storyboard */; };
		0010660420E60E6D002271ED /* NetToolsTests.swift in Sources */ = {isa = PBXBuildFile; fileRef = 0010660320E60E6D002271ED /* NetToolsTests.swift */; };
		0010660F20E60E84002271ED /* NetTools.swift in Sources */ = {isa = PBXBuildFile; fileRef = 0010660E20E60E83002271ED /* NetTools.swift */; };
		0010661220E61493002271ED /* RealNetConnection.swift in Sources */ = {isa = PBXBuildFile; fileRef = 0010661120E61493002271ED /* RealNetConnection.swift */; };
		0010661C20E63107002271ED /* LocalConnection.swift in Sources */ = {isa = PBXBuildFile; fileRef = 0010661B20E63107002271ED /* LocalConnection.swift */; };
		0010661E20E6411C002271ED /* Engine.swift in Sources */ = {isa = PBXBuildFile; fileRef = 0010661D20E6411C002271ED /* Engine.swift */; };
		0010662020E64176002271ED /* RealNetState.swift in Sources */ = {isa = PBXBuildFile; fileRef = 0010661F20E64176002271ED /* RealNetState.swift */; };
		0010662220E641A8002271ED /* StateUtil.swift in Sources */ = {isa = PBXBuildFile; fileRef = 0010662120E641A8002271ED /* StateUtil.swift */; };
		0010662420E641FB002271ED /* RealNetError.swift in Sources */ = {isa = PBXBuildFile; fileRef = 0010662320E641FB002271ED /* RealNetError.swift */; };
		003169A820EB0F830089FBFC /* RealNetConnection.swift in Sources */ = {isa = PBXBuildFile; fileRef = 0010661120E61493002271ED /* RealNetConnection.swift */; };
		003169A920EB178F0089FBFC /* RealNetError.swift in Sources */ = {isa = PBXBuildFile; fileRef = 0010662320E641FB002271ED /* RealNetError.swift */; };
		004F391F20E9F57900165DC1 /* SCNetWork.c in Sources */ = {isa = PBXBuildFile; fileRef = 004F391E20E9F57900165DC1 /* SCNetWork.c */; };
		004F392B20EA2A7F00165DC1 /* PingFoundation.m in Sources */ = {isa = PBXBuildFile; fileRef = 004F392720EA2A7E00165DC1 /* PingFoundation.m */; };
		004F392C20EA2A7F00165DC1 /* PingHelper.m in Sources */ = {isa = PBXBuildFile; fileRef = 004F392A20EA2A7F00165DC1 /* PingHelper.m */; };
/* End PBXBuildFile section */

/* Begin PBXContainerItemProxy section */
		0010660020E60E6D002271ED /* PBXContainerItemProxy */ = {
			isa = PBXContainerItemProxy;
			containerPortal = 001065E320E60E6C002271ED /* Project object */;
			proxyType = 1;
			remoteGlobalIDString = 001065EA20E60E6C002271ED;
			remoteInfo = NetTools;
		};
/* End PBXContainerItemProxy section */

/* Begin PBXFileReference section */
		001065EB20E60E6C002271ED /* NetTools.app */ = {isa = PBXFileReference; explicitFileType = wrapper.application; includeInIndex = 0; path = NetTools.app; sourceTree = BUILT_PRODUCTS_DIR; };
		001065EE20E60E6C002271ED /* AppDelegate.swift */ = {isa = PBXFileReference; lastKnownFileType = sourcecode.swift; path = AppDelegate.swift; sourceTree = "<group>"; };
		001065F020E60E6C002271ED /* ViewController.swift */ = {isa = PBXFileReference; lastKnownFileType = sourcecode.swift; path = ViewController.swift; sourceTree = "<group>"; };
		001065F320E60E6C002271ED /* Base */ = {isa = PBXFileReference; lastKnownFileType = file.storyboard; name = Base; path = Base.lproj/Main.storyboard; sourceTree = "<group>"; };
		001065F520E60E6D002271ED /* Assets.xcassets */ = {isa = PBXFileReference; lastKnownFileType = folder.assetcatalog; path = Assets.xcassets; sourceTree = "<group>"; };
		001065F820E60E6D002271ED /* Base */ = {isa = PBXFileReference; lastKnownFileType = file.storyboard; name = Base; path = Base.lproj/LaunchScreen.storyboard; sourceTree = "<group>"; };
		001065FA20E60E6D002271ED /* Info.plist */ = {isa = PBXFileReference; lastKnownFileType = text.plist.xml; path = Info.plist; sourceTree = "<group>"; };
		001065FF20E60E6D002271ED /* NetToolsTests.xctest */ = {isa = PBXFileReference; explicitFileType = wrapper.cfbundle; includeInIndex = 0; path = NetToolsTests.xctest; sourceTree = BUILT_PRODUCTS_DIR; };
		0010660320E60E6D002271ED /* NetToolsTests.swift */ = {isa = PBXFileReference; lastKnownFileType = sourcecode.swift; path = NetToolsTests.swift; sourceTree = "<group>"; };
		0010660520E60E6D002271ED /* Info.plist */ = {isa = PBXFileReference; lastKnownFileType = text.plist.xml; path = Info.plist; sourceTree = "<group>"; };
		0010660E20E60E83002271ED /* NetTools.swift */ = {isa = PBXFileReference; lastKnownFileType = sourcecode.swift; path = NetTools.swift; sourceTree = "<group>"; };
		0010661120E61493002271ED /* RealNetConnection.swift */ = {isa = PBXFileReference; lastKnownFileType = sourcecode.swift; path = RealNetConnection.swift; sourceTree = "<group>"; };
		0010661B20E63107002271ED /* LocalConnection.swift */ = {isa = PBXFileReference; lastKnownFileType = sourcecode.swift; path = LocalConnection.swift; sourceTree = "<group>"; };
		0010661D20E6411C002271ED /* Engine.swift */ = {isa = PBXFileReference; lastKnownFileType = sourcecode.swift; path = Engine.swift; sourceTree = "<group>"; };
		0010661F20E64176002271ED /* RealNetState.swift */ = {isa = PBXFileReference; lastKnownFileType = sourcecode.swift; path = RealNetState.swift; sourceTree = "<group>"; };
		0010662120E641A8002271ED /* StateUtil.swift */ = {isa = PBXFileReference; lastKnownFileType = sourcecode.swift; path = StateUtil.swift; sourceTree = "<group>"; };
		0010662320E641FB002271ED /* RealNetError.swift */ = {isa = PBXFileReference; lastKnownFileType = sourcecode.swift; path = RealNetError.swift; sourceTree = "<group>"; };
		0010662520E64685002271ED /* NetTools-Bridging-Header.h */ = {isa = PBXFileReference; lastKnownFileType = sourcecode.c.h; path = "NetTools-Bridging-Header.h"; sourceTree = "<group>"; };
		004F391D20E9F57900165DC1 /* RNCc.h */ = {isa = PBXFileReference; lastKnownFileType = sourcecode.c.h; path = RNCc.h; sourceTree = "<group>"; };
		004F391E20E9F57900165DC1 /* SCNetWork.c */ = {isa = PBXFileReference; lastKnownFileType = sourcecode.c.c; path = SCNetWork.c; sourceTree = "<group>"; };
		004F392720EA2A7E00165DC1 /* PingFoundation.m */ = {isa = PBXFileReference; fileEncoding = 4; lastKnownFileType = sourcecode.c.objc; path = PingFoundation.m; sourceTree = "<group>"; };
		004F392820EA2A7E00165DC1 /* PingFoundation.h */ = {isa = PBXFileReference; fileEncoding = 4; lastKnownFileType = sourcecode.c.h; path = PingFoundation.h; sourceTree = "<group>"; };
		004F392920EA2A7E00165DC1 /* PingHelper.h */ = {isa = PBXFileReference; fileEncoding = 4; lastKnownFileType = sourcecode.c.h; path = PingHelper.h; sourceTree = "<group>"; };
		004F392A20EA2A7F00165DC1 /* PingHelper.m */ = {isa = PBXFileReference; fileEncoding = 4; lastKnownFileType = sourcecode.c.objc; path = PingHelper.m; sourceTree = "<group>"; };
/* End PBXFileReference section */

/* Begin PBXFrameworksBuildPhase section */
		001065E820E60E6C002271ED /* Frameworks */ = {
			isa = PBXFrameworksBuildPhase;
			buildActionMask = 2147483647;
			files = (
			);
			runOnlyForDeploymentPostprocessing = 0;
		};
		001065FC20E60E6D002271ED /* Frameworks */ = {
			isa = PBXFrameworksBuildPhase;
			buildActionMask = 2147483647;
			files = (
			);
			runOnlyForDeploymentPostprocessing = 0;
		};
/* End PBXFrameworksBuildPhase section */

/* Begin PBXGroup section */
		001065E220E60E6C002271ED = {
			isa = PBXGroup;
			children = (
				001065ED20E60E6C002271ED /* NetTools */,
				0010660220E60E6D002271ED /* NetToolsTests */,
				001065EC20E60E6C002271ED /* Products */,
			);
			sourceTree = "<group>";
		};
		001065EC20E60E6C002271ED /* Products */ = {
			isa = PBXGroup;
			children = (
				001065EB20E60E6C002271ED /* NetTools.app */,
				001065FF20E60E6D002271ED /* NetToolsTests.xctest */,
			);
			name = Products;
			sourceTree = "<group>";
		};
		001065ED20E60E6C002271ED /* NetTools */ = {
			isa = PBXGroup;
			children = (
				0010661020E6146F002271ED /* Tools */,
				0010660E20E60E83002271ED /* NetTools.swift */,
				001065EE20E60E6C002271ED /* AppDelegate.swift */,
				001065F020E60E6C002271ED /* ViewController.swift */,
				001065F220E60E6C002271ED /* Main.storyboard */,
				001065F520E60E6D002271ED /* Assets.xcassets */,
				001065F720E60E6D002271ED /* LaunchScreen.storyboard */,
				001065FA20E60E6D002271ED /* Info.plist */,
			);
			path = NetTools;
			sourceTree = "<group>";
		};
		0010660220E60E6D002271ED /* NetToolsTests */ = {
			isa = PBXGroup;
			children = (
				0010660320E60E6D002271ED /* NetToolsTests.swift */,
				0010660520E60E6D002271ED /* Info.plist */,
			);
			path = NetToolsTests;
			sourceTree = "<group>";
		};
		0010661020E6146F002271ED /* Tools */ = {
			isa = PBXGroup;
			children = (
				0010661320E6179A002271ED /* RealNetConnection */,
				0010662520E64685002271ED /* NetTools-Bridging-Header.h */,
			);
			path = Tools;
			sourceTree = "<group>";
		};
		0010661320E6179A002271ED /* RealNetConnection */ = {
			isa = PBXGroup;
			children = (
				0010661120E61493002271ED /* RealNetConnection.swift */,
				004F391D20E9F57900165DC1 /* RNCc.h */,
				004F391E20E9F57900165DC1 /* SCNetWork.c */,
				0010661B20E63107002271ED /* LocalConnection.swift */,
				0010662320E641FB002271ED /* RealNetError.swift */,
				0010661D20E6411C002271ED /* Engine.swift */,
				0010661F20E64176002271ED /* RealNetState.swift */,
				0010662120E641A8002271ED /* StateUtil.swift */,
				004F392620EA2A6E00165DC1 /* Ping */,
			);
			path = RealNetConnection;
			sourceTree = "<group>";
		};
		004F392620EA2A6E00165DC1 /* Ping */ = {
			isa = PBXGroup;
			children = (
				004F392820EA2A7E00165DC1 /* PingFoundation.h */,
				004F392720EA2A7E00165DC1 /* PingFoundation.m */,
				004F392920EA2A7E00165DC1 /* PingHelper.h */,
				004F392A20EA2A7F00165DC1 /* PingHelper.m */,
			);
			path = Ping;
			sourceTree = "<group>";
		};
/* End PBXGroup section */

/* Begin PBXNativeTarget section */
		001065EA20E60E6C002271ED /* NetTools */ = {
			isa = PBXNativeTarget;
			buildConfigurationList = 0010660820E60E6D002271ED /* Build configuration list for PBXNativeTarget "NetTools" */;
			buildPhases = (
				001065E720E60E6C002271ED /* Sources */,
				001065E820E60E6C002271ED /* Frameworks */,
				001065E920E60E6C002271ED /* Resources */,
			);
			buildRules = (
			);
			dependencies = (
			);
			name = NetTools;
			productName = NetTools;
			productReference = 001065EB20E60E6C002271ED /* NetTools.app */;
			productType = "com.apple.product-type.application";
		};
		001065FE20E60E6D002271ED /* NetToolsTests */ = {
			isa = PBXNativeTarget;
			buildConfigurationList = 0010660B20E60E6D002271ED /* Build configuration list for PBXNativeTarget "NetToolsTests" */;
			buildPhases = (
				001065FB20E60E6D002271ED /* Sources */,
				001065FC20E60E6D002271ED /* Frameworks */,
				001065FD20E60E6D002271ED /* Resources */,
			);
			buildRules = (
			);
			dependencies = (
				0010660120E60E6D002271ED /* PBXTargetDependency */,
			);
			name = NetToolsTests;
			productName = NetToolsTests;
			productReference = 001065FF20E60E6D002271ED /* NetToolsTests.xctest */;
			productType = "com.apple.product-type.bundle.unit-test";
		};
/* End PBXNativeTarget section */

/* Begin PBXProject section */
		001065E320E60E6C002271ED /* Project object */ = {
			isa = PBXProject;
			attributes = {
				LastSwiftUpdateCheck = 0940;
				LastUpgradeCheck = 0940;
				ORGANIZATIONNAME = "储诚鹏";
				TargetAttributes = {
					001065EA20E60E6C002271ED = {
						CreatedOnToolsVersion = 9.4.1;
						LastSwiftMigration = 0940;
					};
					001065FE20E60E6D002271ED = {
						CreatedOnToolsVersion = 9.4.1;
						TestTargetID = 001065EA20E60E6C002271ED;
					};
				};
			};
			buildConfigurationList = 001065E620E60E6C002271ED /* Build configuration list for PBXProject "NetTools" */;
			compatibilityVersion = "Xcode 9.3";
			developmentRegion = en;
			hasScannedForEncodings = 0;
			knownRegions = (
				en,
				Base,
			);
			mainGroup = 001065E220E60E6C002271ED;
			productRefGroup = 001065EC20E60E6C002271ED /* Products */;
			projectDirPath = "";
			projectRoot = "";
			targets = (
				001065EA20E60E6C002271ED /* NetTools */,
				001065FE20E60E6D002271ED /* NetToolsTests */,
			);
		};
/* End PBXProject section */

/* Begin PBXResourcesBuildPhase section */
		001065E920E60E6C002271ED /* Resources */ = {
			isa = PBXResourcesBuildPhase;
			buildActionMask = 2147483647;
			files = (
				001065F920E60E6D002271ED /* LaunchScreen.storyboard in Resources */,
				001065F620E60E6D002271ED /* Assets.xcassets in Resources */,
				001065F420E60E6C002271ED /* Main.storyboard in Resources */,
			);
			runOnlyForDeploymentPostprocessing = 0;
		};
		001065FD20E60E6D002271ED /* Resources */ = {
			isa = PBXResourcesBuildPhase;
			buildActionMask = 2147483647;
			files = (
			);
			runOnlyForDeploymentPostprocessing = 0;
		};
/* End PBXResourcesBuildPhase section */

/* Begin PBXSourcesBuildPhase section */
		001065E720E60E6C002271ED /* Sources */ = {
			isa = PBXSourcesBuildPhase;
			buildActionMask = 2147483647;
			files = (
				004F392B20EA2A7F00165DC1 /* PingFoundation.m in Sources */,
				0010662420E641FB002271ED /* RealNetError.swift in Sources */,
				0010661220E61493002271ED /* RealNetConnection.swift in Sources */,
				004F392C20EA2A7F00165DC1 /* PingHelper.m in Sources */,
				0010662020E64176002271ED /* RealNetState.swift in Sources */,
				004F391F20E9F57900165DC1 /* SCNetWork.c in Sources */,
				001065F120E60E6C002271ED /* ViewController.swift in Sources */,
				0010662220E641A8002271ED /* StateUtil.swift in Sources */,
				001065EF20E60E6C002271ED /* AppDelegate.swift in Sources */,
				0010661E20E6411C002271ED /* Engine.swift in Sources */,
				0010660F20E60E84002271ED /* NetTools.swift in Sources */,
				0010661C20E63107002271ED /* LocalConnection.swift in Sources */,
			);
			runOnlyForDeploymentPostprocessing = 0;
		};
		001065FB20E60E6D002271ED /* Sources */ = {
			isa = PBXSourcesBuildPhase;
			buildActionMask = 2147483647;
			files = (
				003169A920EB178F0089FBFC /* RealNetError.swift in Sources */,
				0010660420E60E6D002271ED /* NetToolsTests.swift in Sources */,
				003169A820EB0F830089FBFC /* RealNetConnection.swift in Sources */,
			);
			runOnlyForDeploymentPostprocessing = 0;
		};
/* End PBXSourcesBuildPhase section */

/* Begin PBXTargetDependency section */
		0010660120E60E6D002271ED /* PBXTargetDependency */ = {
			isa = PBXTargetDependency;
			target = 001065EA20E60E6C002271ED /* NetTools */;
			targetProxy = 0010660020E60E6D002271ED /* PBXContainerItemProxy */;
		};
/* End PBXTargetDependency section */

/* Begin PBXVariantGroup section */
		001065F220E60E6C002271ED /* Main.storyboard */ = {
			isa = PBXVariantGroup;
			children = (
				001065F320E60E6C002271ED /* Base */,
			);
			name = Main.storyboard;
			sourceTree = "<group>";
		};
		001065F720E60E6D002271ED /* LaunchScreen.storyboard */ = {
			isa = PBXVariantGroup;
			children = (
				001065F820E60E6D002271ED /* Base */,
			);
			name = LaunchScreen.storyboard;
			sourceTree = "<group>";
		};
/* End PBXVariantGroup section */

/* Begin XCBuildConfiguration section */
		0010660620E60E6D002271ED /* Debug */ = {
			isa = XCBuildConfiguration;
			buildSettings = {
				ALWAYS_SEARCH_USER_PATHS = NO;
				CLANG_ANALYZER_NONNULL = YES;
				CLANG_ANALYZER_NUMBER_OBJECT_CONVERSION = YES_AGGRESSIVE;
				CLANG_CXX_LANGUAGE_STANDARD = "gnu++14";
				CLANG_CXX_LIBRARY = "libc++";
				CLANG_ENABLE_MODULES = YES;
				CLANG_ENABLE_OBJC_ARC = YES;
				CLANG_ENABLE_OBJC_WEAK = YES;
				CLANG_WARN_BLOCK_CAPTURE_AUTORELEASING = YES;
				CLANG_WARN_BOOL_CONVERSION = YES;
				CLANG_WARN_COMMA = YES;
				CLANG_WARN_CONSTANT_CONVERSION = YES;
				CLANG_WARN_DEPRECATED_OBJC_IMPLEMENTATIONS = YES;
				CLANG_WARN_DIRECT_OBJC_ISA_USAGE = YES_ERROR;
				CLANG_WARN_DOCUMENTATION_COMMENTS = YES;
				CLANG_WARN_EMPTY_BODY = YES;
				CLANG_WARN_ENUM_CONVERSION = YES;
				CLANG_WARN_INFINITE_RECURSION = YES;
				CLANG_WARN_INT_CONVERSION = YES;
				CLANG_WARN_NON_LITERAL_NULL_CONVERSION = YES;
				CLANG_WARN_OBJC_IMPLICIT_RETAIN_SELF = YES;
				CLANG_WARN_OBJC_LITERAL_CONVERSION = YES;
				CLANG_WARN_OBJC_ROOT_CLASS = YES_ERROR;
				CLANG_WARN_RANGE_LOOP_ANALYSIS = YES;
				CLANG_WARN_STRICT_PROTOTYPES = YES;
				CLANG_WARN_SUSPICIOUS_MOVE = YES;
				CLANG_WARN_UNGUARDED_AVAILABILITY = YES_AGGRESSIVE;
				CLANG_WARN_UNREACHABLE_CODE = YES;
				CLANG_WARN__DUPLICATE_METHOD_MATCH = YES;
				CODE_SIGN_IDENTITY = "iPhone Developer";
				COPY_PHASE_STRIP = NO;
				DEBUG_INFORMATION_FORMAT = dwarf;
				ENABLE_STRICT_OBJC_MSGSEND = YES;
				ENABLE_TESTABILITY = YES;
				GCC_C_LANGUAGE_STANDARD = gnu11;
				GCC_DYNAMIC_NO_PIC = NO;
				GCC_NO_COMMON_BLOCKS = YES;
				GCC_OPTIMIZATION_LEVEL = 0;
				GCC_PREPROCESSOR_DEFINITIONS = (
					"DEBUG=1",
					"$(inherited)",
				);
				GCC_WARN_64_TO_32_BIT_CONVERSION = YES;
				GCC_WARN_ABOUT_RETURN_TYPE = YES_ERROR;
				GCC_WARN_UNDECLARED_SELECTOR = YES;
				GCC_WARN_UNINITIALIZED_AUTOS = YES_AGGRESSIVE;
				GCC_WARN_UNUSED_FUNCTION = YES;
				GCC_WARN_UNUSED_VARIABLE = YES;
				IPHONEOS_DEPLOYMENT_TARGET = 11.4;
				MTL_ENABLE_DEBUG_INFO = YES;
				ONLY_ACTIVE_ARCH = YES;
				SDKROOT = iphoneos;
				SWIFT_ACTIVE_COMPILATION_CONDITIONS = DEBUG;
				SWIFT_OPTIMIZATION_LEVEL = "-Onone";
			};
			name = Debug;
		};
		0010660720E60E6D002271ED /* Release */ = {
			isa = XCBuildConfiguration;
			buildSettings = {
				ALWAYS_SEARCH_USER_PATHS = NO;
				CLANG_ANALYZER_NONNULL = YES;
				CLANG_ANALYZER_NUMBER_OBJECT_CONVERSION = YES_AGGRESSIVE;
				CLANG_CXX_LANGUAGE_STANDARD = "gnu++14";
				CLANG_CXX_LIBRARY = "libc++";
				CLANG_ENABLE_MODULES = YES;
				CLANG_ENABLE_OBJC_ARC = YES;
				CLANG_ENABLE_OBJC_WEAK = YES;
				CLANG_WARN_BLOCK_CAPTURE_AUTORELEASING = YES;
				CLANG_WARN_BOOL_CONVERSION = YES;
				CLANG_WARN_COMMA = YES;
				CLANG_WARN_CONSTANT_CONVERSION = YES;
				CLANG_WARN_DEPRECATED_OBJC_IMPLEMENTATIONS = YES;
				CLANG_WARN_DIRECT_OBJC_ISA_USAGE = YES_ERROR;
				CLANG_WARN_DOCUMENTATION_COMMENTS = YES;
				CLANG_WARN_EMPTY_BODY = YES;
				CLANG_WARN_ENUM_CONVERSION = YES;
				CLANG_WARN_INFINITE_RECURSION = YES;
				CLANG_WARN_INT_CONVERSION = YES;
				CLANG_WARN_NON_LITERAL_NULL_CONVERSION = YES;
				CLANG_WARN_OBJC_IMPLICIT_RETAIN_SELF = YES;
				CLANG_WARN_OBJC_LITERAL_CONVERSION = YES;
				CLANG_WARN_OBJC_ROOT_CLASS = YES_ERROR;
				CLANG_WARN_RANGE_LOOP_ANALYSIS = YES;
				CLANG_WARN_STRICT_PROTOTYPES = YES;
				CLANG_WARN_SUSPICIOUS_MOVE = YES;
				CLANG_WARN_UNGUARDED_AVAILABILITY = YES_AGGRESSIVE;
				CLANG_WARN_UNREACHABLE_CODE = YES;
				CLANG_WARN__DUPLICATE_METHOD_MATCH = YES;
				CODE_SIGN_IDENTITY = "iPhone Developer";
				COPY_PHASE_STRIP = NO;
				DEBUG_INFORMATION_FORMAT = "dwarf-with-dsym";
				ENABLE_NS_ASSERTIONS = NO;
				ENABLE_STRICT_OBJC_MSGSEND = YES;
				GCC_C_LANGUAGE_STANDARD = gnu11;
				GCC_NO_COMMON_BLOCKS = YES;
				GCC_WARN_64_TO_32_BIT_CONVERSION = YES;
				GCC_WARN_ABOUT_RETURN_TYPE = YES_ERROR;
				GCC_WARN_UNDECLARED_SELECTOR = YES;
				GCC_WARN_UNINITIALIZED_AUTOS = YES_AGGRESSIVE;
				GCC_WARN_UNUSED_FUNCTION = YES;
				GCC_WARN_UNUSED_VARIABLE = YES;
				IPHONEOS_DEPLOYMENT_TARGET = 11.4;
				MTL_ENABLE_DEBUG_INFO = NO;
				SDKROOT = iphoneos;
				SWIFT_COMPILATION_MODE = wholemodule;
				SWIFT_OPTIMIZATION_LEVEL = "-O";
				VALIDATE_PRODUCT = YES;
			};
			name = Release;
		};
		0010660920E60E6D002271ED /* Debug */ = {
			isa = XCBuildConfiguration;
			buildSettings = {
				ASSETCATALOG_COMPILER_APPICON_NAME = AppIcon;
				CLANG_ENABLE_MODULES = YES;
				CODE_SIGN_STYLE = Automatic;
				DEVELOPMENT_TEAM = ND2NE475A9;
				INFOPLIST_FILE = NetTools/Info.plist;
				LD_RUNPATH_SEARCH_PATHS = (
					"$(inherited)",
					"@executable_path/Frameworks",
				);
				PRODUCT_BUNDLE_IDENTIFIER = ccp.NetTools;
				PRODUCT_NAME = "$(TARGET_NAME)";
				SWIFT_OBJC_BRIDGING_HEADER = "NetTools/Tools/NetTools-Bridging-Header.h";
				SWIFT_OPTIMIZATION_LEVEL = "-Onone";
				SWIFT_VERSION = 4.0;
				TARGETED_DEVICE_FAMILY = "1,2";
			};
			name = Debug;
		};
		0010660A20E60E6D002271ED /* Release */ = {
			isa = XCBuildConfiguration;
			buildSettings = {
				ASSETCATALOG_COMPILER_APPICON_NAME = AppIcon;
				CLANG_ENABLE_MODULES = YES;
				CODE_SIGN_STYLE = Automatic;
				DEVELOPMENT_TEAM = ND2NE475A9;
				INFOPLIST_FILE = NetTools/Info.plist;
				LD_RUNPATH_SEARCH_PATHS = (
					"$(inherited)",
					"@executable_path/Frameworks",
				);
				PRODUCT_BUNDLE_IDENTIFIER = ccp.NetTools;
				PRODUCT_NAME = "$(TARGET_NAME)";
				SWIFT_OBJC_BRIDGING_HEADER = "NetTools/Tools/NetTools-Bridging-Header.h";
				SWIFT_VERSION = 4.0;
				TARGETED_DEVICE_FAMILY = "1,2";
			};
			name = Release;
		};
		0010660C20E60E6D002271ED /* Debug */ = {
			isa = XCBuildConfiguration;
			buildSettings = {
				ALWAYS_EMBED_SWIFT_STANDARD_LIBRARIES = YES;
				BUNDLE_LOADER = "$(TEST_HOST)";
				CODE_SIGN_STYLE = Automatic;
				DEVELOPMENT_TEAM = ND2NE475A9;
				INFOPLIST_FILE = NetToolsTests/Info.plist;
				LD_RUNPATH_SEARCH_PATHS = (
					"$(inherited)",
					"@executable_path/Frameworks",
					"@loader_path/Frameworks",
				);
				PRODUCT_BUNDLE_IDENTIFIER = ccp.NetToolsTests;
				PRODUCT_NAME = "$(TARGET_NAME)";
				SWIFT_VERSION = 4.0;
				TARGETED_DEVICE_FAMILY = "1,2";
				TEST_HOST = "$(BUILT_PRODUCTS_DIR)/NetTools.app/NetTools";
			};
			name = Debug;
		};
		0010660D20E60E6D002271ED /* Release */ = {
			isa = XCBuildConfiguration;
			buildSettings = {
				ALWAYS_EMBED_SWIFT_STANDARD_LIBRARIES = YES;
				BUNDLE_LOADER = "$(TEST_HOST)";
				CODE_SIGN_STYLE = Automatic;
				DEVELOPMENT_TEAM = ND2NE475A9;
				INFOPLIST_FILE = NetToolsTests/Info.plist;
				LD_RUNPATH_SEARCH_PATHS = (
					"$(inherited)",
					"@executable_path/Frameworks",
					"@loader_path/Frameworks",
				);
				PRODUCT_BUNDLE_IDENTIFIER = ccp.NetToolsTests;
				PRODUCT_NAME = "$(TARGET_NAME)";
				SWIFT_VERSION = 4.0;
				TARGETED_DEVICE_FAMILY = "1,2";
				TEST_HOST = "$(BUILT_PRODUCTS_DIR)/NetTools.app/NetTools";
			};
			name = Release;
		};
/* End XCBuildConfiguration section */

/* Begin XCConfigurationList section */
		001065E620E60E6C002271ED /* Build configuration list for PBXProject "NetTools" */ = {
			isa = XCConfigurationList;
			buildConfigurations = (
				0010660620E60E6D002271ED /* Debug */,
				0010660720E60E6D002271ED /* Release */,
			);
			defaultConfigurationIsVisible = 0;
			defaultConfigurationName = Release;
		};
		0010660820E60E6D002271ED /* Build configuration list for PBXNativeTarget "NetTools" */ = {
			isa = XCConfigurationList;
			buildConfigurations = (
				0010660920E60E6D002271ED /* Debug */,
				0010660A20E60E6D002271ED /* Release */,
			);
			defaultConfigurationIsVisible = 0;
			defaultConfigurationName = Release;
		};
		0010660B20E60E6D002271ED /* Build configuration list for PBXNativeTarget "NetToolsTests" */ = {
			isa = XCConfigurationList;
			buildConfigurations = (
				0010660C20E60E6D002271ED /* Debug */,
				0010660D20E60E6D002271ED /* Release */,
			);
			defaultConfigurationIsVisible = 0;
			defaultConfigurationName = Release;
		};
/* End XCConfigurationList section */
	};
	rootObject = 001065E320E60E6C002271ED /* Project object */;
}
